
Microsoft Visual Studio Solution File, Format Version 12.00
# Visual Studio Version 17
VisualStudioVersion = 17.8.34330.188
MinimumVisualStudioVersion = 10.0.40219.1
Project("{FAE04EC0-301F-11D3-BF4B-00C04F79EFBC}") = "KYC360.WebAPI", "KYC360.WebAPI\KYC360.WebAPI.csproj", "{B403B0C3-979D-4820-87C6-C5D65022C889}"
EndProject
Project("{FAE04EC0-301F-11D3-BF4B-00C04F79EFBC}") = "KYC360.Tests", "KYC360.Tests\KYC360.Tests.csproj", "{AC7036BC-561F-46B6-86E7-870F64720A6D}"
EndProject
Global
	GlobalSection(SolutionConfigurationPlatforms) = preSolution
		Debug|Any CPU = Debug|Any CPU
		Release|Any CPU = Release|Any CPU
	EndGlobalSection
	GlobalSection(ProjectConfigurationPlatforms) = postSolution
		{B403B0C3-979D-4820-87C6-C5D65022C889}.Debug|Any CPU.ActiveCfg = Debug|Any CPU
		{B403B0C3-979D-4820-87C6-C5D65022C889}.Debug|Any CPU.Build.0 = Debug|Any CPU
		{B403B0C3-979D-4820-87C6-C5D65022C889}.Release|Any CPU.ActiveCfg = Release|Any CPU
		{B403B0C3-979D-4820-87C6-C5D65022C889}.Release|Any CPU.Build.0 = Release|Any CPU
		{AC7036BC-561F-46B6-86E7-870F64720A6D}.Debug|Any CPU.ActiveCfg = Debug|Any CPU
		{AC7036BC-561F-46B6-86E7-870F64720A6D}.Debug|Any CPU.Build.0 = Debug|Any CPU
		{AC7036BC-561F-46B6-86E7-870F64720A6D}.Release|Any CPU.ActiveCfg = Release|Any CPU
		{AC7036BC-561F-46B6-86E7-870F64720A6D}.Release|Any CPU.Build.0 = Release|Any CPU
	EndGlobalSection
	GlobalSection(SolutionProperties) = preSolution
		HideSolutionNode = FALSE
	EndGlobalSection
	GlobalSection(ExtensibilityGlobals) = postSolution
		SolutionGuid = {1A7017E6-C78A-4332-BBE9-D2CD5A14B618}
	EndGlobalSection
EndGlobal
